
Microsoft Visual Studio Solution File, Format Version 12.00
# Visual Studio Version 17
VisualStudioVersion = 17.0.31903.59
MinimumVisualStudioVersion = 10.0.40219.1
Project("{FAE04EC0-301F-11D3-BF4B-00C04F79EFBC}") = "HeatingOilTracker", "HeatingOilTracker\HeatingOilTracker.csproj", "{94B60211-D820-4918-979E-22AF6C21C49E}"
EndProject
Project("{FAE04EC0-301F-11D3-BF4B-00C04F79EFBC}") = "HeatingOilTracker.Tests", "HeatingOilTracker.Tests\HeatingOilTracker.Tests.csproj", "{B5D7E8F9-3A4C-4D2E-9F1A-8C6B5D4E3F2A}"
EndProject
Global
	GlobalSection(SolutionConfigurationPlatforms) = preSolution
		Debug|Any CPU = Debug|Any CPU
		Debug|x64 = Debug|x64
		Debug|x86 = Debug|x86
		Release|Any CPU = Release|Any CPU
		Release|x64 = Release|x64
		Release|x86 = Release|x86
	EndGlobalSection
	GlobalSection(ProjectConfigurationPlatforms) = postSolution
		{94B60211-D820-4918-979E-22AF6C21C49E}.Debug|Any CPU.ActiveCfg = Debug|Any CPU
		{94B60211-D820-4918-979E-22AF6C21C49E}.Debug|Any CPU.Build.0 = Debug|Any CPU
		{94B60211-D820-4918-979E-22AF6C21C49E}.Debug|x64.ActiveCfg = Debug|Any CPU
		{94B60211-D820-4918-979E-22AF6C21C49E}.Debug|x64.Build.0 = Debug|Any CPU
		{94B60211-D820-4918-979E-22AF6C21C49E}.Debug|x86.ActiveCfg = Debug|Any CPU
		{94B60211-D820-4918-979E-22AF6C21C49E}.Debug|x86.Build.0 = Debug|Any CPU
		{94B60211-D820-4918-979E-22AF6C21C49E}.Release|Any CPU.ActiveCfg = Release|Any CPU
		{94B60211-D820-4918-979E-22AF6C21C49E}.Release|Any CPU.Build.0 = Release|Any CPU
		{94B60211-D820-4918-979E-22AF6C21C49E}.Release|x64.ActiveCfg = Release|Any CPU
		{94B60211-D820-4918-979E-22AF6C21C49E}.Release|x64.Build.0 = Release|Any CPU
		{94B60211-D820-4918-979E-22AF6C21C49E}.Release|x86.ActiveCfg = Release|Any CPU
		{94B60211-D820-4918-979E-22AF6C21C49E}.Release|x86.Build.0 = Release|Any CPU
		{B5D7E8F9-3A4C-4D2E-9F1A-8C6B5D4E3F2A}.Debug|Any CPU.ActiveCfg = Debug|Any CPU
		{B5D7E8F9-3A4C-4D2E-9F1A-8C6B5D4E3F2A}.Debug|Any CPU.Build.0 = Debug|Any CPU
		{B5D7E8F9-3A4C-4D2E-9F1A-8C6B5D4E3F2A}.Debug|x64.ActiveCfg = Debug|Any CPU
		{B5D7E8F9-3A4C-4D2E-9F1A-8C6B5D4E3F2A}.Debug|x64.Build.0 = Debug|Any CPU
		{B5D7E8F9-3A4C-4D2E-9F1A-8C6B5D4E3F2A}.Debug|x86.ActiveCfg = Debug|Any CPU
		{B5D7E8F9-3A4C-4D2E-9F1A-8C6B5D4E3F2A}.Debug|x86.Build.0 = Debug|Any CPU
		{B5D7E8F9-3A4C-4D2E-9F1A-8C6B5D4E3F2A}.Release|Any CPU.ActiveCfg = Release|Any CPU
		{B5D7E8F9-3A4C-4D2E-9F1A-8C6B5D4E3F2A}.Release|Any CPU.Build.0 = Release|Any CPU
		{B5D7E8F9-3A4C-4D2E-9F1A-8C6B5D4E3F2A}.Release|x64.ActiveCfg = Release|Any CPU
		{B5D7E8F9-3A4C-4D2E-9F1A-8C6B5D4E3F2A}.Release|x64.Build.0 = Release|Any CPU
		{B5D7E8F9-3A4C-4D2E-9F1A-8C6B5D4E3F2A}.Release|x86.ActiveCfg = Release|Any CPU
		{B5D7E8F9-3A4C-4D2E-9F1A-8C6B5D4E3F2A}.Release|x86.Build.0 = Release|Any CPU
	EndGlobalSection
	GlobalSection(SolutionProperties) = preSolution
		HideSolutionNode = FALSE
	EndGlobalSection
EndGlobal
